
Microsoft Visual Studio Solution File, Format Version 11.00
# Visual Studio 2010
Project("{FAE04EC0-301F-11D3-BF4B-00C04F79EFBC}") = "Projeto Reabilitação - unity", "Assembly-CSharp.csproj", "{22A1F382-3854-71BF-F2DF-BFFA357C4AB2}"
EndProject
Project("{FAE04EC0-301F-11D3-BF4B-00C04F79EFBC}") = "Projeto Reabilitação - unity", "Assembly-CSharp-Editor.csproj", "{860D70A5-EC0A-BB9E-B3B9-73212D6E6C69}"
EndProject
Global
	GlobalSection(SolutionConfigurationPlatforms) = preSolution
		Debug|Any CPU = Debug|Any CPU
		Release|Any CPU = Release|Any CPU
	EndGlobalSection
	GlobalSection(ProjectConfigurationPlatforms) = postSolution
		{22A1F382-3854-71BF-F2DF-BFFA357C4AB2}.Debug|Any CPU.ActiveCfg = Debug|Any CPU
		{22A1F382-3854-71BF-F2DF-BFFA357C4AB2}.Debug|Any CPU.Build.0 = Debug|Any CPU
		{22A1F382-3854-71BF-F2DF-BFFA357C4AB2}.Release|Any CPU.ActiveCfg = Release|Any CPU
		{22A1F382-3854-71BF-F2DF-BFFA357C4AB2}.Release|Any CPU.Build.0 = Release|Any CPU
		{860D70A5-EC0A-BB9E-B3B9-73212D6E6C69}.Debug|Any CPU.ActiveCfg = Debug|Any CPU
		{860D70A5-EC0A-BB9E-B3B9-73212D6E6C69}.Debug|Any CPU.Build.0 = Debug|Any CPU
		{860D70A5-EC0A-BB9E-B3B9-73212D6E6C69}.Release|Any CPU.ActiveCfg = Release|Any CPU
		{860D70A5-EC0A-BB9E-B3B9-73212D6E6C69}.Release|Any CPU.Build.0 = Release|Any CPU
	EndGlobalSection
	GlobalSection(SolutionProperties) = preSolution
		HideSolutionNode = FALSE
	EndGlobalSection
	GlobalSection(MonoDevelopProperties) = preSolution
		StartupItem = Assembly-CSharp.csproj
	EndGlobalSection
EndGlobal
